// !$*UTF8*$!
{
	archiveVersion = 1;
	classes = {
	};
	objectVersion = 56;
	objects = {

/* Begin PBXBuildFile section */
		181484302BF47D260056BB3C /* MusicDetailView.swift in Sources */ = {isa = PBXBuildFile; fileRef = 1814842F2BF47D260056BB3C /* MusicDetailView.swift */; };
		181484332BF489760056BB3C /* DebugHelperViews.swift in Sources */ = {isa = PBXBuildFile; fileRef = 181484322BF489760056BB3C /* DebugHelperViews.swift */; };
		181484362BF4EDD00056BB3C /* Color+Extension.swift in Sources */ = {isa = PBXBuildFile; fileRef = 181484352BF4EDD00056BB3C /* Color+Extension.swift */; };
		189999B42BF5DAC100A897BB /* ReactionView.swift in Sources */ = {isa = PBXBuildFile; fileRef = 189999B32BF5DAC100A897BB /* ReactionView.swift */; };
		18CF58E72BEB79170059909F /* DetailView.swift in Sources */ = {isa = PBXBuildFile; fileRef = 18CF58E62BEB79170059909F /* DetailView.swift */; };
		18E1DEFF2BF78F8E00715790 /* CounterViewWithHang.swift in Sources */ = {isa = PBXBuildFile; fileRef = 18E1DEFE2BF78F8E00715790 /* CounterViewWithHang.swift */; };
		18E1DF012BF7A73500715790 /* CounterViewWithoutHang.swift in Sources */ = {isa = PBXBuildFile; fileRef = 18E1DF002BF7A73500715790 /* CounterViewWithoutHang.swift */; };
		18ECCBA52BEA726000F6378E /* SwiftUIDebugApp.swift in Sources */ = {isa = PBXBuildFile; fileRef = 18ECCBA42BEA726000F6378E /* SwiftUIDebugApp.swift */; };
		18ECCBA72BEA726000F6378E /* ContentView.swift in Sources */ = {isa = PBXBuildFile; fileRef = 18ECCBA62BEA726000F6378E /* ContentView.swift */; };
		18ECCBA92BEA726100F6378E /* Assets.xcassets in Resources */ = {isa = PBXBuildFile; fileRef = 18ECCBA82BEA726100F6378E /* Assets.xcassets */; };
		18ECCBAC2BEA726100F6378E /* Preview Assets.xcassets in Resources */ = {isa = PBXBuildFile; fileRef = 18ECCBAB2BEA726100F6378E /* Preview Assets.xcassets */; };
		18ECCBAE2BEA726100F6378E /* Persistence.swift in Sources */ = {isa = PBXBuildFile; fileRef = 18ECCBAD2BEA726100F6378E /* Persistence.swift */; };
		18ECCBB12BEA726100F6378E /* SwiftUIDebug.xcdatamodeld in Sources */ = {isa = PBXBuildFile; fileRef = 18ECCBAF2BEA726100F6378E /* SwiftUIDebug.xcdatamodeld */; };
		18ECCBBB2BEA726100F6378E /* SwiftUIDebugTests.swift in Sources */ = {isa = PBXBuildFile; fileRef = 18ECCBBA2BEA726100F6378E /* SwiftUIDebugTests.swift */; };
		18ECCBC52BEA726100F6378E /* SwiftUIDebugUITests.swift in Sources */ = {isa = PBXBuildFile; fileRef = 18ECCBC42BEA726100F6378E /* SwiftUIDebugUITests.swift */; };
		18ECCBC72BEA726100F6378E /* SwiftUIDebugUITestsLaunchTests.swift in Sources */ = {isa = PBXBuildFile; fileRef = 18ECCBC62BEA726100F6378E /* SwiftUIDebugUITestsLaunchTests.swift */; };
		18ECCBD42BEA74F800F6378E /* LoginView.swift in Sources */ = {isa = PBXBuildFile; fileRef = 18ECCBD32BEA74F800F6378E /* LoginView.swift */; };
		18ECCBD62BEA7D3A00F6378E /* MemoryAddress.swift in Sources */ = {isa = PBXBuildFile; fileRef = 18ECCBD52BEA7D3A00F6378E /* MemoryAddress.swift */; };
/* End PBXBuildFile section */

/* Begin PBXContainerItemProxy section */
		18ECCBB72BEA726100F6378E /* PBXContainerItemProxy */ = {
			isa = PBXContainerItemProxy;
			containerPortal = 18ECCB992BEA726000F6378E /* Project object */;
			proxyType = 1;
			remoteGlobalIDString = 18ECCBA02BEA726000F6378E;
			remoteInfo = SwiftUIDebug;
		};
		18ECCBC12BEA726100F6378E /* PBXContainerItemProxy */ = {
			isa = PBXContainerItemProxy;
			containerPortal = 18ECCB992BEA726000F6378E /* Project object */;
			proxyType = 1;
			remoteGlobalIDString = 18ECCBA02BEA726000F6378E;
			remoteInfo = SwiftUIDebug;
		};
/* End PBXContainerItemProxy section */

/* Begin PBXFileReference section */
		1814842F2BF47D260056BB3C /* MusicDetailView.swift */ = {isa = PBXFileReference; lastKnownFileType = sourcecode.swift; path = MusicDetailView.swift; sourceTree = "<group>"; };
		181484322BF489760056BB3C /* DebugHelperViews.swift */ = {isa = PBXFileReference; lastKnownFileType = sourcecode.swift; path = DebugHelperViews.swift; sourceTree = "<group>"; };
		181484352BF4EDD00056BB3C /* Color+Extension.swift */ = {isa = PBXFileReference; lastKnownFileType = sourcecode.swift; path = "Color+Extension.swift"; sourceTree = "<group>"; };
		189999B32BF5DAC100A897BB /* ReactionView.swift */ = {isa = PBXFileReference; lastKnownFileType = sourcecode.swift; path = ReactionView.swift; sourceTree = "<group>"; };
		18CF58E62BEB79170059909F /* DetailView.swift */ = {isa = PBXFileReference; lastKnownFileType = sourcecode.swift; path = DetailView.swift; sourceTree = "<group>"; };
		18E1DEFE2BF78F8E00715790 /* CounterViewWithHang.swift */ = {isa = PBXFileReference; lastKnownFileType = sourcecode.swift; path = CounterViewWithHang.swift; sourceTree = "<group>"; };
		18E1DF002BF7A73500715790 /* CounterViewWithoutHang.swift */ = {isa = PBXFileReference; lastKnownFileType = sourcecode.swift; path = CounterViewWithoutHang.swift; sourceTree = "<group>"; };
		18ECCBA12BEA726000F6378E /* SwiftUIDebug.app */ = {isa = PBXFileReference; explicitFileType = wrapper.application; includeInIndex = 0; path = SwiftUIDebug.app; sourceTree = BUILT_PRODUCTS_DIR; };
		18ECCBA42BEA726000F6378E /* SwiftUIDebugApp.swift */ = {isa = PBXFileReference; lastKnownFileType = sourcecode.swift; path = SwiftUIDebugApp.swift; sourceTree = "<group>"; };
		18ECCBA62BEA726000F6378E /* ContentView.swift */ = {isa = PBXFileReference; lastKnownFileType = sourcecode.swift; path = ContentView.swift; sourceTree = "<group>"; };
		18ECCBA82BEA726100F6378E /* Assets.xcassets */ = {isa = PBXFileReference; lastKnownFileType = folder.assetcatalog; path = Assets.xcassets; sourceTree = "<group>"; };
		18ECCBAB2BEA726100F6378E /* Preview Assets.xcassets */ = {isa = PBXFileReference; lastKnownFileType = folder.assetcatalog; path = "Preview Assets.xcassets"; sourceTree = "<group>"; };
		18ECCBAD2BEA726100F6378E /* Persistence.swift */ = {isa = PBXFileReference; lastKnownFileType = sourcecode.swift; path = Persistence.swift; sourceTree = "<group>"; };
		18ECCBB02BEA726100F6378E /* SwiftUIDebug.xcdatamodel */ = {isa = PBXFileReference; lastKnownFileType = wrapper.xcdatamodel; path = SwiftUIDebug.xcdatamodel; sourceTree = "<group>"; };
		18ECCBB62BEA726100F6378E /* SwiftUIDebugTests.xctest */ = {isa = PBXFileReference; explicitFileType = wrapper.cfbundle; includeInIndex = 0; path = SwiftUIDebugTests.xctest; sourceTree = BUILT_PRODUCTS_DIR; };
		18ECCBBA2BEA726100F6378E /* SwiftUIDebugTests.swift */ = {isa = PBXFileReference; lastKnownFileType = sourcecode.swift; path = SwiftUIDebugTests.swift; sourceTree = "<group>"; };
		18ECCBC02BEA726100F6378E /* SwiftUIDebugUITests.xctest */ = {isa = PBXFileReference; explicitFileType = wrapper.cfbundle; includeInIndex = 0; path = SwiftUIDebugUITests.xctest; sourceTree = BUILT_PRODUCTS_DIR; };
		18ECCBC42BEA726100F6378E /* SwiftUIDebugUITests.swift */ = {isa = PBXFileReference; lastKnownFileType = sourcecode.swift; path = SwiftUIDebugUITests.swift; sourceTree = "<group>"; };
		18ECCBC62BEA726100F6378E /* SwiftUIDebugUITestsLaunchTests.swift */ = {isa = PBXFileReference; lastKnownFileType = sourcecode.swift; path = SwiftUIDebugUITestsLaunchTests.swift; sourceTree = "<group>"; };
		18ECCBD32BEA74F800F6378E /* LoginView.swift */ = {isa = PBXFileReference; lastKnownFileType = sourcecode.swift; path = LoginView.swift; sourceTree = "<group>"; };
		18ECCBD52BEA7D3A00F6378E /* MemoryAddress.swift */ = {isa = PBXFileReference; lastKnownFileType = sourcecode.swift; path = MemoryAddress.swift; sourceTree = "<group>"; };
/* End PBXFileReference section */

/* Begin PBXFrameworksBuildPhase section */
		18ECCB9E2BEA726000F6378E /* Frameworks */ = {
			isa = PBXFrameworksBuildPhase;
			buildActionMask = 2147483647;
			files = (
			);
			runOnlyForDeploymentPostprocessing = 0;
		};
		18ECCBB32BEA726100F6378E /* Frameworks */ = {
			isa = PBXFrameworksBuildPhase;
			buildActionMask = 2147483647;
			files = (
			);
			runOnlyForDeploymentPostprocessing = 0;
		};
		18ECCBBD2BEA726100F6378E /* Frameworks */ = {
			isa = PBXFrameworksBuildPhase;
			buildActionMask = 2147483647;
			files = (
			);
			runOnlyForDeploymentPostprocessing = 0;
		};
/* End PBXFrameworksBuildPhase section */

/* Begin PBXGroup section */
		181484312BF4890B0056BB3C /* Helper */ = {
			isa = PBXGroup;
			children = (
				18ECCBD52BEA7D3A00F6378E /* MemoryAddress.swift */,
				181484322BF489760056BB3C /* DebugHelperViews.swift */,
			);
			path = Helper;
			sourceTree = "<group>";
		};
		181484342BF4EDB70056BB3C /* Extension */ = {
			isa = PBXGroup;
			children = (
				181484352BF4EDD00056BB3C /* Color+Extension.swift */,
			);
			path = Extension;
			sourceTree = "<group>";
		};
		18E1DEFD2BF78F5D00715790 /* Views */ = {
			isa = PBXGroup;
			children = (
				18ECCBD32BEA74F800F6378E /* LoginView.swift */,
				18CF58E62BEB79170059909F /* DetailView.swift */,
				1814842F2BF47D260056BB3C /* MusicDetailView.swift */,
				189999B32BF5DAC100A897BB /* ReactionView.swift */,
				18ECCBA62BEA726000F6378E /* ContentView.swift */,
				18E1DEFE2BF78F8E00715790 /* CounterViewWithHang.swift */,
				18E1DF002BF7A73500715790 /* CounterViewWithoutHang.swift */,
			);
			path = Views;
			sourceTree = "<group>";
		};
		18ECCB982BEA726000F6378E = {
			isa = PBXGroup;
			children = (
				18ECCBA32BEA726000F6378E /* SwiftUIDebug */,
				18ECCBB92BEA726100F6378E /* SwiftUIDebugTests */,
				18ECCBC32BEA726100F6378E /* SwiftUIDebugUITests */,
				18ECCBA22BEA726000F6378E /* Products */,
			);
			sourceTree = "<group>";
		};
		18ECCBA22BEA726000F6378E /* Products */ = {
			isa = PBXGroup;
			children = (
				18ECCBA12BEA726000F6378E /* SwiftUIDebug.app */,
				18ECCBB62BEA726100F6378E /* SwiftUIDebugTests.xctest */,
				18ECCBC02BEA726100F6378E /* SwiftUIDebugUITests.xctest */,
			);
			name = Products;
			sourceTree = "<group>";
		};
		18ECCBA32BEA726000F6378E /* SwiftUIDebug */ = {
			isa = PBXGroup;
			children = (
				18ECCBA42BEA726000F6378E /* SwiftUIDebugApp.swift */,
				18E1DEFD2BF78F5D00715790 /* Views */,
				181484312BF4890B0056BB3C /* Helper */,
				181484342BF4EDB70056BB3C /* Extension */,
				18ECCBA82BEA726100F6378E /* Assets.xcassets */,
				18ECCBAD2BEA726100F6378E /* Persistence.swift */,
				18ECCBAF2BEA726100F6378E /* SwiftUIDebug.xcdatamodeld */,
				18ECCBAA2BEA726100F6378E /* Preview Content */,
			);
			path = SwiftUIDebug;
			sourceTree = "<group>";
		};
		18ECCBAA2BEA726100F6378E /* Preview Content */ = {
			isa = PBXGroup;
			children = (
				18ECCBAB2BEA726100F6378E /* Preview Assets.xcassets */,
			);
			path = "Preview Content";
			sourceTree = "<group>";
		};
		18ECCBB92BEA726100F6378E /* SwiftUIDebugTests */ = {
			isa = PBXGroup;
			children = (
				18ECCBBA2BEA726100F6378E /* SwiftUIDebugTests.swift */,
			);
			path = SwiftUIDebugTests;
			sourceTree = "<group>";
		};
		18ECCBC32BEA726100F6378E /* SwiftUIDebugUITests */ = {
			isa = PBXGroup;
			children = (
				18ECCBC42BEA726100F6378E /* SwiftUIDebugUITests.swift */,
				18ECCBC62BEA726100F6378E /* SwiftUIDebugUITestsLaunchTests.swift */,
			);
			path = SwiftUIDebugUITests;
			sourceTree = "<group>";
		};
/* End PBXGroup section */

/* Begin PBXNativeTarget section */
		18ECCBA02BEA726000F6378E /* SwiftUIDebug */ = {
			isa = PBXNativeTarget;
			buildConfigurationList = 18ECCBCA2BEA726100F6378E /* Build configuration list for PBXNativeTarget "SwiftUIDebug" */;
			buildPhases = (
				18ECCB9D2BEA726000F6378E /* Sources */,
				18ECCB9E2BEA726000F6378E /* Frameworks */,
				18ECCB9F2BEA726000F6378E /* Resources */,
			);
			buildRules = (
			);
			dependencies = (
			);
			name = SwiftUIDebug;
			productName = SwiftUIDebug;
			productReference = 18ECCBA12BEA726000F6378E /* SwiftUIDebug.app */;
			productType = "com.apple.product-type.application";
		};
		18ECCBB52BEA726100F6378E /* SwiftUIDebugTests */ = {
			isa = PBXNativeTarget;
			buildConfigurationList = 18ECCBCD2BEA726100F6378E /* Build configuration list for PBXNativeTarget "SwiftUIDebugTests" */;
			buildPhases = (
				18ECCBB22BEA726100F6378E /* Sources */,
				18ECCBB32BEA726100F6378E /* Frameworks */,
				18ECCBB42BEA726100F6378E /* Resources */,
			);
			buildRules = (
			);
			dependencies = (
				18ECCBB82BEA726100F6378E /* PBXTargetDependency */,
			);
			name = SwiftUIDebugTests;
			productName = SwiftUIDebugTests;
			productReference = 18ECCBB62BEA726100F6378E /* SwiftUIDebugTests.xctest */;
			productType = "com.apple.product-type.bundle.unit-test";
		};
		18ECCBBF2BEA726100F6378E /* SwiftUIDebugUITests */ = {
			isa = PBXNativeTarget;
			buildConfigurationList = 18ECCBD02BEA726100F6378E /* Build configuration list for PBXNativeTarget "SwiftUIDebugUITests" */;
			buildPhases = (
				18ECCBBC2BEA726100F6378E /* Sources */,
				18ECCBBD2BEA726100F6378E /* Frameworks */,
				18ECCBBE2BEA726100F6378E /* Resources */,
			);
			buildRules = (
			);
			dependencies = (
				18ECCBC22BEA726100F6378E /* PBXTargetDependency */,
			);
			name = SwiftUIDebugUITests;
			productName = SwiftUIDebugUITests;
			productReference = 18ECCBC02BEA726100F6378E /* SwiftUIDebugUITests.xctest */;
			productType = "com.apple.product-type.bundle.ui-testing";
		};
/* End PBXNativeTarget section */

/* Begin PBXProject section */
		18ECCB992BEA726000F6378E /* Project object */ = {
			isa = PBXProject;
			attributes = {
				BuildIndependentTargetsInParallel = 1;
				LastSwiftUpdateCheck = 1520;
				LastUpgradeCheck = 1520;
				TargetAttributes = {
					18ECCBA02BEA726000F6378E = {
						CreatedOnToolsVersion = 15.2;
					};
					18ECCBB52BEA726100F6378E = {
						CreatedOnToolsVersion = 15.2;
						TestTargetID = 18ECCBA02BEA726000F6378E;
					};
					18ECCBBF2BEA726100F6378E = {
						CreatedOnToolsVersion = 15.2;
						TestTargetID = 18ECCBA02BEA726000F6378E;
					};
				};
			};
			buildConfigurationList = 18ECCB9C2BEA726000F6378E /* Build configuration list for PBXProject "SwiftUIDebug" */;
			compatibilityVersion = "Xcode 14.0";
			developmentRegion = en;
			hasScannedForEncodings = 0;
			knownRegions = (
				en,
				Base,
			);
			mainGroup = 18ECCB982BEA726000F6378E;
			productRefGroup = 18ECCBA22BEA726000F6378E /* Products */;
			projectDirPath = "";
			projectRoot = "";
			targets = (
				18ECCBA02BEA726000F6378E /* SwiftUIDebug */,
				18ECCBB52BEA726100F6378E /* SwiftUIDebugTests */,
				18ECCBBF2BEA726100F6378E /* SwiftUIDebugUITests */,
			);
		};
/* End PBXProject section */

/* Begin PBXResourcesBuildPhase section */
		18ECCB9F2BEA726000F6378E /* Resources */ = {
			isa = PBXResourcesBuildPhase;
			buildActionMask = 2147483647;
			files = (
				18ECCBAC2BEA726100F6378E /* Preview Assets.xcassets in Resources */,
				18ECCBA92BEA726100F6378E /* Assets.xcassets in Resources */,
			);
			runOnlyForDeploymentPostprocessing = 0;
		};
		18ECCBB42BEA726100F6378E /* Resources */ = {
			isa = PBXResourcesBuildPhase;
			buildActionMask = 2147483647;
			files = (
			);
			runOnlyForDeploymentPostprocessing = 0;
		};
		18ECCBBE2BEA726100F6378E /* Resources */ = {
			isa = PBXResourcesBuildPhase;
			buildActionMask = 2147483647;
			files = (
			);
			runOnlyForDeploymentPostprocessing = 0;
		};
/* End PBXResourcesBuildPhase section */

/* Begin PBXSourcesBuildPhase section */
		18ECCB9D2BEA726000F6378E /* Sources */ = {
			isa = PBXSourcesBuildPhase;
			buildActionMask = 2147483647;
			files = (
				18ECCBAE2BEA726100F6378E /* Persistence.swift in Sources */,
				181484362BF4EDD00056BB3C /* Color+Extension.swift in Sources */,
				18E1DF012BF7A73500715790 /* CounterViewWithoutHang.swift in Sources */,
				181484332BF489760056BB3C /* DebugHelperViews.swift in Sources */,
				18ECCBA72BEA726000F6378E /* ContentView.swift in Sources */,
				18ECCBA52BEA726000F6378E /* SwiftUIDebugApp.swift in Sources */,
				18CF58E72BEB79170059909F /* DetailView.swift in Sources */,
				189999B42BF5DAC100A897BB /* ReactionView.swift in Sources */,
				18ECCBD42BEA74F800F6378E /* LoginView.swift in Sources */,
				181484302BF47D260056BB3C /* MusicDetailView.swift in Sources */,
				18ECCBB12BEA726100F6378E /* SwiftUIDebug.xcdatamodeld in Sources */,
				18ECCBD62BEA7D3A00F6378E /* MemoryAddress.swift in Sources */,
				18E1DEFF2BF78F8E00715790 /* CounterViewWithHang.swift in Sources */,
			);
			runOnlyForDeploymentPostprocessing = 0;
		};
		18ECCBB22BEA726100F6378E /* Sources */ = {
			isa = PBXSourcesBuildPhase;
			buildActionMask = 2147483647;
			files = (
				18ECCBBB2BEA726100F6378E /* SwiftUIDebugTests.swift in Sources */,
			);
			runOnlyForDeploymentPostprocessing = 0;
		};
		18ECCBBC2BEA726100F6378E /* Sources */ = {
			isa = PBXSourcesBuildPhase;
			buildActionMask = 2147483647;
			files = (
				18ECCBC72BEA726100F6378E /* SwiftUIDebugUITestsLaunchTests.swift in Sources */,
				18ECCBC52BEA726100F6378E /* SwiftUIDebugUITests.swift in Sources */,
			);
			runOnlyForDeploymentPostprocessing = 0;
		};
/* End PBXSourcesBuildPhase section */

/* Begin PBXTargetDependency section */
		18ECCBB82BEA726100F6378E /* PBXTargetDependency */ = {
			isa = PBXTargetDependency;
			target = 18ECCBA02BEA726000F6378E /* SwiftUIDebug */;
			targetProxy = 18ECCBB72BEA726100F6378E /* PBXContainerItemProxy */;
		};
		18ECCBC22BEA726100F6378E /* PBXTargetDependency */ = {
			isa = PBXTargetDependency;
			target = 18ECCBA02BEA726000F6378E /* SwiftUIDebug */;
			targetProxy = 18ECCBC12BEA726100F6378E /* PBXContainerItemProxy */;
		};
/* End PBXTargetDependency section */

/* Begin XCBuildConfiguration section */
		18ECCBC82BEA726100F6378E /* Debug */ = {
			isa = XCBuildConfiguration;
			buildSettings = {
				ALWAYS_SEARCH_USER_PATHS = NO;
				ASSETCATALOG_COMPILER_GENERATE_SWIFT_ASSET_SYMBOL_EXTENSIONS = YES;
				CLANG_ANALYZER_NONNULL = YES;
				CLANG_ANALYZER_NUMBER_OBJECT_CONVERSION = YES_AGGRESSIVE;
				CLANG_CXX_LANGUAGE_STANDARD = "gnu++20";
				CLANG_ENABLE_MODULES = YES;
				CLANG_ENABLE_OBJC_ARC = YES;
				CLANG_ENABLE_OBJC_WEAK = YES;
				CLANG_WARN_BLOCK_CAPTURE_AUTORELEASING = YES;
				CLANG_WARN_BOOL_CONVERSION = YES;
				CLANG_WARN_COMMA = YES;
				CLANG_WARN_CONSTANT_CONVERSION = YES;
				CLANG_WARN_DEPRECATED_OBJC_IMPLEMENTATIONS = YES;
				CLANG_WARN_DIRECT_OBJC_ISA_USAGE = YES_ERROR;
				CLANG_WARN_DOCUMENTATION_COMMENTS = YES;
				CLANG_WARN_EMPTY_BODY = YES;
				CLANG_WARN_ENUM_CONVERSION = YES;
				CLANG_WARN_INFINITE_RECURSION = YES;
				CLANG_WARN_INT_CONVERSION = YES;
				CLANG_WARN_NON_LITERAL_NULL_CONVERSION = YES;
				CLANG_WARN_OBJC_IMPLICIT_RETAIN_SELF = YES;
				CLANG_WARN_OBJC_LITERAL_CONVERSION = YES;
				CLANG_WARN_OBJC_ROOT_CLASS = YES_ERROR;
				CLANG_WARN_QUOTED_INCLUDE_IN_FRAMEWORK_HEADER = YES;
				CLANG_WARN_RANGE_LOOP_ANALYSIS = YES;
				CLANG_WARN_STRICT_PROTOTYPES = YES;
				CLANG_WARN_SUSPICIOUS_MOVE = YES;
				CLANG_WARN_UNGUARDED_AVAILABILITY = YES_AGGRESSIVE;
				CLANG_WARN_UNREACHABLE_CODE = YES;
				CLANG_WARN__DUPLICATE_METHOD_MATCH = YES;
				COPY_PHASE_STRIP = NO;
				DEBUG_INFORMATION_FORMAT = dwarf;
				ENABLE_STRICT_OBJC_MSGSEND = YES;
				ENABLE_TESTABILITY = YES;
				ENABLE_USER_SCRIPT_SANDBOXING = YES;
				GCC_C_LANGUAGE_STANDARD = gnu17;
				GCC_DYNAMIC_NO_PIC = NO;
				GCC_NO_COMMON_BLOCKS = YES;
				GCC_OPTIMIZATION_LEVEL = 0;
				GCC_PREPROCESSOR_DEFINITIONS = (
					"DEBUG=1",
					"$(inherited)",
				);
				GCC_WARN_64_TO_32_BIT_CONVERSION = YES;
				GCC_WARN_ABOUT_RETURN_TYPE = YES_ERROR;
				GCC_WARN_UNDECLARED_SELECTOR = YES;
				GCC_WARN_UNINITIALIZED_AUTOS = YES_AGGRESSIVE;
				GCC_WARN_UNUSED_FUNCTION = YES;
				GCC_WARN_UNUSED_VARIABLE = YES;
				IPHONEOS_DEPLOYMENT_TARGET = 17.2;
				LOCALIZATION_PREFERS_STRING_CATALOGS = YES;
				MTL_ENABLE_DEBUG_INFO = INCLUDE_SOURCE;
				MTL_FAST_MATH = YES;
				ONLY_ACTIVE_ARCH = YES;
				SDKROOT = iphoneos;
				SWIFT_ACTIVE_COMPILATION_CONDITIONS = "DEBUG $(inherited)";
				SWIFT_OPTIMIZATION_LEVEL = "-Onone";
			};
			name = Debug;
		};
		18ECCBC92BEA726100F6378E /* Release */ = {
			isa = XCBuildConfiguration;
			buildSettings = {
				ALWAYS_SEARCH_USER_PATHS = NO;
				ASSETCATALOG_COMPILER_GENERATE_SWIFT_ASSET_SYMBOL_EXTENSIONS = YES;
				CLANG_ANALYZER_NONNULL = YES;
				CLANG_ANALYZER_NUMBER_OBJECT_CONVERSION = YES_AGGRESSIVE;
				CLANG_CXX_LANGUAGE_STANDARD = "gnu++20";
				CLANG_ENABLE_MODULES = YES;
				CLANG_ENABLE_OBJC_ARC = YES;
				CLANG_ENABLE_OBJC_WEAK = YES;
				CLANG_WARN_BLOCK_CAPTURE_AUTORELEASING = YES;
				CLANG_WARN_BOOL_CONVERSION = YES;
				CLANG_WARN_COMMA = YES;
				CLANG_WARN_CONSTANT_CONVERSION = YES;
				CLANG_WARN_DEPRECATED_OBJC_IMPLEMENTATIONS = YES;
				CLANG_WARN_DIRECT_OBJC_ISA_USAGE = YES_ERROR;
				CLANG_WARN_DOCUMENTATION_COMMENTS = YES;
				CLANG_WARN_EMPTY_BODY = YES;
				CLANG_WARN_ENUM_CONVERSION = YES;
				CLANG_WARN_INFINITE_RECURSION = YES;
				CLANG_WARN_INT_CONVERSION = YES;
				CLANG_WARN_NON_LITERAL_NULL_CONVERSION = YES;
				CLANG_WARN_OBJC_IMPLICIT_RETAIN_SELF = YES;
				CLANG_WARN_OBJC_LITERAL_CONVERSION = YES;
				CLANG_WARN_OBJC_ROOT_CLASS = YES_ERROR;
				CLANG_WARN_QUOTED_INCLUDE_IN_FRAMEWORK_HEADER = YES;
				CLANG_WARN_RANGE_LOOP_ANALYSIS = YES;
				CLANG_WARN_STRICT_PROTOTYPES = YES;
				CLANG_WARN_SUSPICIOUS_MOVE = YES;
				CLANG_WARN_UNGUARDED_AVAILABILITY = YES_AGGRESSIVE;
				CLANG_WARN_UNREACHABLE_CODE = YES;
				CLANG_WARN__DUPLICATE_METHOD_MATCH = YES;
				COPY_PHASE_STRIP = NO;
				DEBUG_INFORMATION_FORMAT = "dwarf-with-dsym";
				ENABLE_NS_ASSERTIONS = NO;
				ENABLE_STRICT_OBJC_MSGSEND = YES;
				ENABLE_USER_SCRIPT_SANDBOXING = YES;
				GCC_C_LANGUAGE_STANDARD = gnu17;
				GCC_NO_COMMON_BLOCKS = YES;
				GCC_WARN_64_TO_32_BIT_CONVERSION = YES;
				GCC_WARN_ABOUT_RETURN_TYPE = YES_ERROR;
				GCC_WARN_UNDECLARED_SELECTOR = YES;
				GCC_WARN_UNINITIALIZED_AUTOS = YES_AGGRESSIVE;
				GCC_WARN_UNUSED_FUNCTION = YES;
				GCC_WARN_UNUSED_VARIABLE = YES;
				IPHONEOS_DEPLOYMENT_TARGET = 17.2;
				LOCALIZATION_PREFERS_STRING_CATALOGS = YES;
				MTL_ENABLE_DEBUG_INFO = NO;
				MTL_FAST_MATH = YES;
				SDKROOT = iphoneos;
				SWIFT_COMPILATION_MODE = wholemodule;
				VALIDATE_PRODUCT = YES;
			};
			name = Release;
		};
		18ECCBCB2BEA726100F6378E /* Debug */ = {
			isa = XCBuildConfiguration;
			buildSettings = {
				ASSETCATALOG_COMPILER_APPICON_NAME = AppIcon;
				ASSETCATALOG_COMPILER_GLOBAL_ACCENT_COLOR_NAME = AccentColor;
				CODE_SIGN_STYLE = Automatic;
				CURRENT_PROJECT_VERSION = 1;
				DEVELOPMENT_ASSET_PATHS = "\"SwiftUIDebug/Preview Content\"";
				ENABLE_PREVIEWS = YES;
				GENERATE_INFOPLIST_FILE = YES;
				INFOPLIST_KEY_UIApplicationSceneManifest_Generation = YES;
				INFOPLIST_KEY_UIApplicationSupportsIndirectInputEvents = YES;
				INFOPLIST_KEY_UILaunchScreen_Generation = YES;
				INFOPLIST_KEY_UISupportedInterfaceOrientations_iPad = "UIInterfaceOrientationPortrait UIInterfaceOrientationPortraitUpsideDown UIInterfaceOrientationLandscapeLeft UIInterfaceOrientationLandscapeRight";
				INFOPLIST_KEY_UISupportedInterfaceOrientations_iPhone = "UIInterfaceOrientationPortrait UIInterfaceOrientationLandscapeLeft UIInterfaceOrientationLandscapeRight";
				LD_RUNPATH_SEARCH_PATHS = (
					"$(inherited)",
					"@executable_path/Frameworks",
				);
				MARKETING_VERSION = 1.0;
				PRODUCT_BUNDLE_IDENTIFIER = com.example.SwiftUIDebug;
				PRODUCT_NAME = "$(TARGET_NAME)";
				SWIFT_EMIT_LOC_STRINGS = YES;
				SWIFT_VERSION = 5.0;
				TARGETED_DEVICE_FAMILY = "1,2";
			};
			name = Debug;
		};
		18ECCBCC2BEA726100F6378E /* Release */ = {
			isa = XCBuildConfiguration;
			buildSettings = {
				ASSETCATALOG_COMPILER_APPICON_NAME = AppIcon;
				ASSETCATALOG_COMPILER_GLOBAL_ACCENT_COLOR_NAME = AccentColor;
				CODE_SIGN_STYLE = Automatic;
				CURRENT_PROJECT_VERSION = 1;
				DEVELOPMENT_ASSET_PATHS = "\"SwiftUIDebug/Preview Content\"";
				ENABLE_PREVIEWS = YES;
				GENERATE_INFOPLIST_FILE = YES;
				INFOPLIST_KEY_UIApplicationSceneManifest_Generation = YES;
				INFOPLIST_KEY_UIApplicationSupportsIndirectInputEvents = YES;
				INFOPLIST_KEY_UILaunchScreen_Generation = YES;
				INFOPLIST_KEY_UISupportedInterfaceOrientations_iPad = "UIInterfaceOrientationPortrait UIInterfaceOrientationPortraitUpsideDown UIInterfaceOrientationLandscapeLeft UIInterfaceOrientationLandscapeRight";
				INFOPLIST_KEY_UISupportedInterfaceOrientations_iPhone = "UIInterfaceOrientationPortrait UIInterfaceOrientationLandscapeLeft UIInterfaceOrientationLandscapeRight";
				LD_RUNPATH_SEARCH_PATHS = (
					"$(inherited)",
					"@executable_path/Frameworks",
				);
				MARKETING_VERSION = 1.0;
				PRODUCT_BUNDLE_IDENTIFIER = com.example.SwiftUIDebug;
				PRODUCT_NAME = "$(TARGET_NAME)";
				SWIFT_EMIT_LOC_STRINGS = YES;
				SWIFT_VERSION = 5.0;
				TARGETED_DEVICE_FAMILY = "1,2";
			};
			name = Release;
		};
		18ECCBCE2BEA726100F6378E /* Debug */ = {
			isa = XCBuildConfiguration;
			buildSettings = {
				ALWAYS_EMBED_SWIFT_STANDARD_LIBRARIES = YES;
				BUNDLE_LOADER = "$(TEST_HOST)";
				CODE_SIGN_STYLE = Automatic;
				CURRENT_PROJECT_VERSION = 1;
				GENERATE_INFOPLIST_FILE = YES;
				IPHONEOS_DEPLOYMENT_TARGET = 17.2;
				MARKETING_VERSION = 1.0;
				PRODUCT_BUNDLE_IDENTIFIER = com.example.SwiftUIDebugTests;
				PRODUCT_NAME = "$(TARGET_NAME)";
				SWIFT_EMIT_LOC_STRINGS = NO;
				SWIFT_VERSION = 5.0;
				TARGETED_DEVICE_FAMILY = "1,2";
				TEST_HOST = "$(BUILT_PRODUCTS_DIR)/SwiftUIDebug.app/$(BUNDLE_EXECUTABLE_FOLDER_PATH)/SwiftUIDebug";
			};
			name = Debug;
		};
		18ECCBCF2BEA726100F6378E /* Release */ = {
			isa = XCBuildConfiguration;
			buildSettings = {
				ALWAYS_EMBED_SWIFT_STANDARD_LIBRARIES = YES;
				BUNDLE_LOADER = "$(TEST_HOST)";
				CODE_SIGN_STYLE = Automatic;
				CURRENT_PROJECT_VERSION = 1;
				GENERATE_INFOPLIST_FILE = YES;
				IPHONEOS_DEPLOYMENT_TARGET = 17.2;
				MARKETING_VERSION = 1.0;
				PRODUCT_BUNDLE_IDENTIFIER = com.example.SwiftUIDebugTests;
				PRODUCT_NAME = "$(TARGET_NAME)";
				SWIFT_EMIT_LOC_STRINGS = NO;
				SWIFT_VERSION = 5.0;
				TARGETED_DEVICE_FAMILY = "1,2";
				TEST_HOST = "$(BUILT_PRODUCTS_DIR)/SwiftUIDebug.app/$(BUNDLE_EXECUTABLE_FOLDER_PATH)/SwiftUIDebug";
			};
			name = Release;
		};
		18ECCBD12BEA726100F6378E /* Debug */ = {
			isa = XCBuildConfiguration;
			buildSettings = {
				ALWAYS_EMBED_SWIFT_STANDARD_LIBRARIES = YES;
				CODE_SIGN_STYLE = Automatic;
				CURRENT_PROJECT_VERSION = 1;
				GENERATE_INFOPLIST_FILE = YES;
				MARKETING_VERSION = 1.0;
				PRODUCT_BUNDLE_IDENTIFIER = com.example.SwiftUIDebugUITests;
				PRODUCT_NAME = "$(TARGET_NAME)";
				SWIFT_EMIT_LOC_STRINGS = NO;
				SWIFT_VERSION = 5.0;
				TARGETED_DEVICE_FAMILY = "1,2";
				TEST_TARGET_NAME = SwiftUIDebug;
			};
			name = Debug;
		};
		18ECCBD22BEA726100F6378E /* Release */ = {
			isa = XCBuildConfiguration;
			buildSettings = {
				ALWAYS_EMBED_SWIFT_STANDARD_LIBRARIES = YES;
				CODE_SIGN_STYLE = Automatic;
				CURRENT_PROJECT_VERSION = 1;
				GENERATE_INFOPLIST_FILE = YES;
				MARKETING_VERSION = 1.0;
				PRODUCT_BUNDLE_IDENTIFIER = com.example.SwiftUIDebugUITests;
				PRODUCT_NAME = "$(TARGET_NAME)";
				SWIFT_EMIT_LOC_STRINGS = NO;
				SWIFT_VERSION = 5.0;
				TARGETED_DEVICE_FAMILY = "1,2";
				TEST_TARGET_NAME = SwiftUIDebug;
			};
			name = Release;
		};
/* End XCBuildConfiguration section */

/* Begin XCConfigurationList section */
		18ECCB9C2BEA726000F6378E /* Build configuration list for PBXProject "SwiftUIDebug" */ = {
			isa = XCConfigurationList;
			buildConfigurations = (
				18ECCBC82BEA726100F6378E /* Debug */,
				18ECCBC92BEA726100F6378E /* Release */,
			);
			defaultConfigurationIsVisible = 0;
			defaultConfigurationName = Release;
		};
		18ECCBCA2BEA726100F6378E /* Build configuration list for PBXNativeTarget "SwiftUIDebug" */ = {
			isa = XCConfigurationList;
			buildConfigurations = (
				18ECCBCB2BEA726100F6378E /* Debug */,
				18ECCBCC2BEA726100F6378E /* Release */,
			);
			defaultConfigurationIsVisible = 0;
			defaultConfigurationName = Release;
		};
		18ECCBCD2BEA726100F6378E /* Build configuration list for PBXNativeTarget "SwiftUIDebugTests" */ = {
			isa = XCConfigurationList;
			buildConfigurations = (
				18ECCBCE2BEA726100F6378E /* Debug */,
				18ECCBCF2BEA726100F6378E /* Release */,
			);
			defaultConfigurationIsVisible = 0;
			defaultConfigurationName = Release;
		};
		18ECCBD02BEA726100F6378E /* Build configuration list for PBXNativeTarget "SwiftUIDebugUITests" */ = {
			isa = XCConfigurationList;
			buildConfigurations = (
				18ECCBD12BEA726100F6378E /* Debug */,
				18ECCBD22BEA726100F6378E /* Release */,
			);
			defaultConfigurationIsVisible = 0;
			defaultConfigurationName = Release;
		};
/* End XCConfigurationList section */

/* Begin XCVersionGroup section */
		18ECCBAF2BEA726100F6378E /* SwiftUIDebug.xcdatamodeld */ = {
			isa = XCVersionGroup;
			children = (
				18ECCBB02BEA726100F6378E /* SwiftUIDebug.xcdatamodel */,
			);
			currentVersion = 18ECCBB02BEA726100F6378E /* SwiftUIDebug.xcdatamodel */;
			path = SwiftUIDebug.xcdatamodeld;
			sourceTree = "<group>";
			versionGroupType = wrapper.xcdatamodel;
		};
/* End XCVersionGroup section */
	};
	rootObject = 18ECCB992BEA726000F6378E /* Project object */;
}
